{
  "nodes": {
    "nixpkgs": {
      "locked": {
        "lastModified": 1642210689,
        "narHash": "sha256-ORT7pNlPyjEQ328IflHeA0mcKsJ8/+fPh9L66CTqHLA=",
        "owner": "zhaofengli",
        "repo": "nixpkgs",
        "rev": "c6a277fba79364aca312f3966418842210c4c865",
        "type": "github"
      },
      "original": {
        "owner": "zhaofengli",
        "ref": "riscv",
        "repo": "nixpkgs",
        "type": "github"
      }
    },
    "root": {
      "inputs": {
        "nixpkgs": "nixpkgs"
      }
    }
  },
  "root": "root",
  "version": 7
}
