{
  "nodes": {
    "nixpkgs": {
      "locked": {
        "lastModified": 1674110660,
        "narHash": "sha256-HHNlXmw/dhWKPTWXtFyL6y1eZAnGyMemTJdBHlwZQd8=",
        "owner": "zhaofengli",
        "repo": "nixpkgs",
        "rev": "806fa5299aa52ddff8cf3d7104074ce8b4e42914",
        "type": "github"
      },
      "original": {
        "owner": "zhaofengli",
        "ref": "riscv",
        "repo": "nixpkgs",
        "type": "github"
      }
    },
    "root": {
      "inputs": {
        "nixpkgs": "nixpkgs"
      }
    }
  },
  "root": "root",
  "version": 7
}
