{
  "nodes": {
    "nixpkgs": {
      "locked": {
        "lastModified": 1641787948,
        "narHash": "sha256-0YESuCkKbr9sB8jvjQa268loq27XIa6FvIsEYrIe7gE=",
        "owner": "zhaofengli",
        "repo": "nixpkgs",
        "rev": "da29d95f67ac05f0f6faca065fcd4b8bbfc82483",
        "type": "github"
      },
      "original": {
        "owner": "zhaofengli",
        "ref": "riscv",
        "repo": "nixpkgs",
        "type": "github"
      }
    },
    "root": {
      "inputs": {
        "nixpkgs": "nixpkgs"
      }
    }
  },
  "root": "root",
  "version": 7
}
